
Microsoft Visual Studio Solution File, Format Version 12.00
# Visual Studio Version 16
VisualStudioVersion = 16.0.30626.31
MinimumVisualStudioVersion = 10.0.40219.1
Project("{9A19103F-16F7-4668-BE54-9A1E7A4F7556}") = "LordLamington.Heartcore.WebApp", "LordLamington.Heartcore.WebApp\LordLamington.Heartcore.WebApp.csproj", "{8DCE2039-7161-49D7-AFEC-4A838EBD7A76}"
EndProject
Project("{9A19103F-16F7-4668-BE54-9A1E7A4F7556}") = "LordLamington.Heartcore.Content", "LordLamington.Heartcore.Content\LordLamington.Heartcore.Content.csproj", "{794BE54A-FAB6-4686-8D62-987F9ED385E3}"
EndProject
Project("{2150E333-8FDC-42A3-9474-1A3956D46DE8}") = "Solution Items", "Solution Items", "{240199FB-BB03-4918-8D67-5ABAC87A7A5E}"
	ProjectSection(SolutionItems) = preProject
		README.md = README.md
	EndProjectSection
EndProject
Global
	GlobalSection(SolutionConfigurationPlatforms) = preSolution
		Debug|Any CPU = Debug|Any CPU
		Release|Any CPU = Release|Any CPU
	EndGlobalSection
	GlobalSection(ProjectConfigurationPlatforms) = postSolution
		{8DCE2039-7161-49D7-AFEC-4A838EBD7A76}.Debug|Any CPU.ActiveCfg = Debug|Any CPU
		{8DCE2039-7161-49D7-AFEC-4A838EBD7A76}.Debug|Any CPU.Build.0 = Debug|Any CPU
		{8DCE2039-7161-49D7-AFEC-4A838EBD7A76}.Release|Any CPU.ActiveCfg = Release|Any CPU
		{8DCE2039-7161-49D7-AFEC-4A838EBD7A76}.Release|Any CPU.Build.0 = Release|Any CPU
		{794BE54A-FAB6-4686-8D62-987F9ED385E3}.Debug|Any CPU.ActiveCfg = Debug|Any CPU
		{794BE54A-FAB6-4686-8D62-987F9ED385E3}.Debug|Any CPU.Build.0 = Debug|Any CPU
		{794BE54A-FAB6-4686-8D62-987F9ED385E3}.Release|Any CPU.ActiveCfg = Release|Any CPU
		{794BE54A-FAB6-4686-8D62-987F9ED385E3}.Release|Any CPU.Build.0 = Release|Any CPU
	EndGlobalSection
	GlobalSection(SolutionProperties) = preSolution
		HideSolutionNode = FALSE
	EndGlobalSection
	GlobalSection(ExtensibilityGlobals) = postSolution
		SolutionGuid = {C18B1551-3C0D-4F76-82E2-1533492F59B7}
	EndGlobalSection
EndGlobal
